
Microsoft Visual Studio Solution File, Format Version 12.00
# Visual Studio Version 16
VisualStudioVersion = 16.0.808.3
MinimumVisualStudioVersion = 10.0.40219.1
Project("{FAE04EC0-301F-11D3-BF4B-00C04F79EFBC}") = "PassoutASP", "PassoutASP\PassoutASP.csproj", "{9042C78D-84FD-4FBA-9FBE-9A19991D0DA2}"
EndProject
Global
	GlobalSection(SolutionConfigurationPlatforms) = preSolution
		Debug|Any CPU = Debug|Any CPU
		Release|Any CPU = Release|Any CPU
	EndGlobalSection
	GlobalSection(ProjectConfigurationPlatforms) = postSolution
		{9042C78D-84FD-4FBA-9FBE-9A19991D0DA2}.Debug|Any CPU.ActiveCfg = Debug|Any CPU
		{9042C78D-84FD-4FBA-9FBE-9A19991D0DA2}.Debug|Any CPU.Build.0 = Debug|Any CPU
		{9042C78D-84FD-4FBA-9FBE-9A19991D0DA2}.Release|Any CPU.ActiveCfg = Release|Any CPU
		{9042C78D-84FD-4FBA-9FBE-9A19991D0DA2}.Release|Any CPU.Build.0 = Release|Any CPU
	EndGlobalSection
	GlobalSection(SolutionProperties) = preSolution
		HideSolutionNode = FALSE
	EndGlobalSection
	GlobalSection(ExtensibilityGlobals) = postSolution
		SolutionGuid = {24567D09-BFEB-453F-B230-8D2B1D2B04DA}
	EndGlobalSection
EndGlobal
